github.com/a-h/templ v0.2.590 h1:kGZ1Vo8h+LgjdVtGpzhHI029+W10AR5kp7U1K5po0bA=
github.com/a-h/templ v0.2.590/go.mod h1:ZyDDb2ZQtAZ3RpiAlQ25/b96wIWkTDpr2BZYJ88nx4E=
github.com/google/go-cmp v0.6.0 h1:ofyhxvXcZhMsU5ulbFiLKl/XBFqE1GSq7atu8tAmTRI=
github.com/google/go-cmp v0.6.0/go.mod h1:17dUlkBOakJ0+DkrSSNjCkIjxS6bF9zb3elmeNGIjoY=
